# THIS IS AN AUTOGENERATED FILE. DO NOT EDIT THIS FILE DIRECTLY.
# yarn lockfile v1


assert@^1.4.1:
  version "1.4.1"
  resolved "https://registry.yarnpkg.com/assert/-/assert-1.4.1.tgz#99912d591836b5a6f5b345c0f07eefc08fc65d91"
  integrity sha1-mZEtWRg2tab1s0XA8H7vwI/GXZE=
  dependencies:
    util "0.10.3"

i@^0.3.6:
  version "0.3.6"
  resolved "https://registry.yarnpkg.com/i/-/i-0.3.6.tgz#d96c92732076f072711b6b10fd7d4f65ad8ee23d"
  integrity sha1-2WyScyB28HJxG2sQ/X1PZa2O4j0=

inflected@^1.1.6:
  version "1.1.7"
  resolved "https://registry.yarnpkg.com/inflected/-/inflected-1.1.7.tgz#c393df6e28472d0d77b3082ec3aa2091f4bc96f9"
  integrity sha1-w5PfbihHLQ13swguw6ogkfS8lvk=

inherits@2.0.1:
  version "2.0.1"
  resolved "https://registry.yarnpkg.com/inherits/-/inherits-2.0.1.tgz#b17d08d326b4423e568eff719f91b0b1cbdf69f1"
  integrity sha1-sX0I0ya0Qj5Wjv9xn5GwscvfafE=

jsonapi-serializer@^3.6.4:
  version "3.6.4"
  resolved "https://registry.yarnpkg.com/jsonapi-serializer/-/jsonapi-serializer-3.6.4.tgz#70b61c2eb6e9366e1b49cf18a01fd4a04473791e"
  integrity sha512-n0FVi4Cs7Gzk6dH9kn+8to7yGYhVpdsFRtMHi3SaC80EWap2wjCcXPioSlq0hnqzdEFXtay0hRR4yRqXkLTJSA==
  dependencies:
    inflected "^1.1.6"
    lodash "^4.16.3"

lodash@^4.16.3:
  version "4.17.11"
  resolved "https://registry.yarnpkg.com/lodash/-/lodash-4.17.11.tgz#b39ea6229ef607ecd89e2c8df12536891cac9b8d"
  integrity sha512-cQKh8igo5QUhZ7lg38DYWAxMvjSAKG0A8wGSVimP07SIUEK2UO+arSRKbRZWtelMtN5V0Hkwh5ryOto/SshYIg==

ramda@^0.26.1:
  version "0.26.1"
  resolved "https://registry.yarnpkg.com/ramda/-/ramda-0.26.1.tgz#8d41351eb8111c55353617fc3bbffad8e4d35d06"
  integrity sha512-hLWjpy7EnsDBb0p+Z3B7rPi3GDeRG5ZtiI33kJhTt+ORCd38AbAIjB/9zRIUoeTbE/AVX5ZkU7m6bznsvrf8eQ==

util@0.10.3:
  version "0.10.3"
  resolved "https://registry.yarnpkg.com/util/-/util-0.10.3.tgz#7afb1afe50805246489e3db7fe0ed379336ac0f9"
  integrity sha1-evsa/lCAUkZInj23/g7TeTNqwPk=
  dependencies:
    inherits "2.0.1"
